
Microsoft Visual Studio Solution File, Format Version 12.00
# Visual Studio Version 17
VisualStudioVersion = 17.7.34031.279
MinimumVisualStudioVersion = 10.0.40219.1
Project("{9A19103F-16F7-4668-BE54-9A1E7A4F7556}") = "OOP_Basics", "OOP_Basics.csproj", "{1CF2DE03-07AB-41BB-BF63-66DDE5B15975}"
EndProject
Global
	GlobalSection(SolutionConfigurationPlatforms) = preSolution
		Debug|Any CPU = Debug|Any CPU
		Release|Any CPU = Release|Any CPU
	EndGlobalSection
	GlobalSection(ProjectConfigurationPlatforms) = postSolution
		{1CF2DE03-07AB-41BB-BF63-66DDE5B15975}.Debug|Any CPU.ActiveCfg = Debug|Any CPU
		{1CF2DE03-07AB-41BB-BF63-66DDE5B15975}.Debug|Any CPU.Build.0 = Debug|Any CPU
		{1CF2DE03-07AB-41BB-BF63-66DDE5B15975}.Release|Any CPU.ActiveCfg = Release|Any CPU
		{1CF2DE03-07AB-41BB-BF63-66DDE5B15975}.Release|Any CPU.Build.0 = Release|Any CPU
	EndGlobalSection
	GlobalSection(SolutionProperties) = preSolution
		HideSolutionNode = FALSE
	EndGlobalSection
	GlobalSection(ExtensibilityGlobals) = postSolution
		SolutionGuid = {DEF2B60F-A0BB-44E5-B035-4DC909BA9A39}
	EndGlobalSection
EndGlobal
